
Microsoft Visual Studio Solution File, Format Version 12.00
# Visual Studio Version 17
VisualStudioVersion = 17.7.34202.233
MinimumVisualStudioVersion = 10.0.40219.1
Project("{FAE04EC0-301F-11D3-BF4B-00C04F79EFBC}") = "HomeWorkDelegate", "HomeWorkDelegate\HomeWorkDelegate.csproj", "{6541C636-15B8-4D50-B5BF-7A5A60F6079D}"
EndProject
Global
	GlobalSection(SolutionConfigurationPlatforms) = preSolution
		Debug|Any CPU = Debug|Any CPU
		Release|Any CPU = Release|Any CPU
	EndGlobalSection
	GlobalSection(ProjectConfigurationPlatforms) = postSolution
		{6541C636-15B8-4D50-B5BF-7A5A60F6079D}.Debug|Any CPU.ActiveCfg = Debug|Any CPU
		{6541C636-15B8-4D50-B5BF-7A5A60F6079D}.Debug|Any CPU.Build.0 = Debug|Any CPU
		{6541C636-15B8-4D50-B5BF-7A5A60F6079D}.Release|Any CPU.ActiveCfg = Release|Any CPU
		{6541C636-15B8-4D50-B5BF-7A5A60F6079D}.Release|Any CPU.Build.0 = Release|Any CPU
	EndGlobalSection
	GlobalSection(SolutionProperties) = preSolution
		HideSolutionNode = FALSE
	EndGlobalSection
	GlobalSection(ExtensibilityGlobals) = postSolution
		SolutionGuid = {4BA38D38-F06F-43C4-A60F-66BB4976DE11}
	EndGlobalSection
EndGlobal
